
Microsoft Visual Studio Solution File, Format Version 12.00
# Visual Studio 2013
VisualStudioVersion = 12.0.21005.1
MinimumVisualStudioVersion = 10.0.40219.1
Project("{FAE04EC0-301F-11D3-BF4B-00C04F79EFBC}") = "LdapLayer", "LdapLayer\LdapLayer.csproj", "{1DBB6AA3-CD8F-42E0-BD2F-F33BC92AEB95}"
EndProject
Project("{FAE04EC0-301F-11D3-BF4B-00C04F79EFBC}") = "LdapTest", "LdapTest\LdapTest.csproj", "{869DC933-A5B6-46EC-9B2A-14C6992D1A90}"
EndProject
Global
	GlobalSection(SolutionConfigurationPlatforms) = preSolution
		Debug|Any CPU = Debug|Any CPU
		Release|Any CPU = Release|Any CPU
	EndGlobalSection
	GlobalSection(ProjectConfigurationPlatforms) = postSolution
		{1DBB6AA3-CD8F-42E0-BD2F-F33BC92AEB95}.Debug|Any CPU.ActiveCfg = Debug|Any CPU
		{1DBB6AA3-CD8F-42E0-BD2F-F33BC92AEB95}.Debug|Any CPU.Build.0 = Debug|Any CPU
		{1DBB6AA3-CD8F-42E0-BD2F-F33BC92AEB95}.Release|Any CPU.ActiveCfg = Release|Any CPU
		{1DBB6AA3-CD8F-42E0-BD2F-F33BC92AEB95}.Release|Any CPU.Build.0 = Release|Any CPU
		{869DC933-A5B6-46EC-9B2A-14C6992D1A90}.Debug|Any CPU.ActiveCfg = Debug|Any CPU
		{869DC933-A5B6-46EC-9B2A-14C6992D1A90}.Debug|Any CPU.Build.0 = Debug|Any CPU
		{869DC933-A5B6-46EC-9B2A-14C6992D1A90}.Release|Any CPU.ActiveCfg = Release|Any CPU
		{869DC933-A5B6-46EC-9B2A-14C6992D1A90}.Release|Any CPU.Build.0 = Release|Any CPU
	EndGlobalSection
	GlobalSection(SolutionProperties) = preSolution
		HideSolutionNode = FALSE
	EndGlobalSection
EndGlobal
